{
  "name": "iit-assignment",
  "version": "1.0.0",
  "lockfileVersion": 3,
  "requires": true,
  "packages": {
    "": {
      "name": "iit-assignment",
      "version": "1.0.0",
      "license": "ISC",
      "dependencies": {
        "@vercel/edge": "^1.1.2"
      }
    },
    "node_modules/@vercel/edge": {
      "version": "1.1.2",
      "resolved": "https://registry.npmjs.org/@vercel/edge/-/edge-1.1.2.tgz",
      "integrity": "sha512-wt5SnhsMahWX8U9ZZhFUQoiXhMn/CUxA5xeMdZX1cwyOL1ZbDR3rNI8HRT9RSU73nDxeF6jlnqJyp/0Jy0VM2A=="
    }
  }
}
